
Microsoft Visual Studio Solution File, Format Version 12.00
# Visual Studio Version 17
VisualStudioVersion = 17.2.32526.322
MinimumVisualStudioVersion = 10.0.40219.1
Project("{9A19103F-16F7-4668-BE54-9A1E7A4F7556}") = "ShawnLovesCoding", "ShawnLovesCoding.csproj", "{B5E74C5F-47EC-4937-987D-905BD77C5AB3}"
EndProject
Project("{54A90642-561A-4BB1-A94E-469ADEE60C69}") = "ShawnAngular", "..\ShawnAngular\ShawnAngular.esproj", "{7D10AE20-3236-4CDF-B541-F7411EF05E81}"
EndProject
Global
	GlobalSection(SolutionConfigurationPlatforms) = preSolution
		Debug|Any CPU = Debug|Any CPU
		Release|Any CPU = Release|Any CPU
	EndGlobalSection
	GlobalSection(ProjectConfigurationPlatforms) = postSolution
		{B5E74C5F-47EC-4937-987D-905BD77C5AB3}.Debug|Any CPU.ActiveCfg = Debug|Any CPU
		{B5E74C5F-47EC-4937-987D-905BD77C5AB3}.Debug|Any CPU.Build.0 = Debug|Any CPU
		{B5E74C5F-47EC-4937-987D-905BD77C5AB3}.Release|Any CPU.ActiveCfg = Release|Any CPU
		{B5E74C5F-47EC-4937-987D-905BD77C5AB3}.Release|Any CPU.Build.0 = Release|Any CPU
		{7D10AE20-3236-4CDF-B541-F7411EF05E81}.Debug|Any CPU.ActiveCfg = Debug|Any CPU
		{7D10AE20-3236-4CDF-B541-F7411EF05E81}.Debug|Any CPU.Build.0 = Debug|Any CPU
		{7D10AE20-3236-4CDF-B541-F7411EF05E81}.Debug|Any CPU.Deploy.0 = Debug|Any CPU
		{7D10AE20-3236-4CDF-B541-F7411EF05E81}.Release|Any CPU.ActiveCfg = Release|Any CPU
		{7D10AE20-3236-4CDF-B541-F7411EF05E81}.Release|Any CPU.Build.0 = Release|Any CPU
		{7D10AE20-3236-4CDF-B541-F7411EF05E81}.Release|Any CPU.Deploy.0 = Release|Any CPU
	EndGlobalSection
	GlobalSection(SolutionProperties) = preSolution
		HideSolutionNode = FALSE
	EndGlobalSection
	GlobalSection(ExtensibilityGlobals) = postSolution
		SolutionGuid = {9EF1659C-C207-4473-9CD8-5133AF02FC5E}
	EndGlobalSection
EndGlobal
